<?xml version="1.0" encoding="utf-8"?>
<Project ToolsVersion="4.0" xmlns="http://schemas.microsoft.com/developer/msbuild/2003">
  <ItemGroup>
    <ClCompile Include="Vector.cpp">
      <Filter>Fan</Filter>
    </ClCompile>
    <ClCompile Include="FWApplication.cpp">
      <Filter>Main</Filter>
    </ClCompile>
    <ClCompile Include="Main.cpp">
      <Filter>Main</Filter>
    </ClCompile>
    <ClCompile Include="Artist.cpp">
      <Filter>Artist</Filter>
    </ClCompile>
    <ClCompile Include="ArtistState.cpp">
      <Filter>Artist</Filter>
    </ClCompile>
    <ClCompile Include="Map.cpp">
      <Filter>Map</Filter>
    </ClCompile>
    <ClCompile Include="Tile.cpp">
      <Filter>Map</Filter>
    </ClCompile>
    <ClCompile Include="Globals.cpp">
      <Filter>Main</Filter>
    </ClCompile>
    <ClCompile Include="ArtistWaitState.cpp">
      <Filter>Artist\States</Filter>
    </ClCompile>
    <ClCompile Include="ArtistWanderState.cpp">
      <Filter>Artist\States</Filter>
    </ClCompile>
    <ClCompile Include="ManagerWanderState.cpp">
      <Filter>Manager\States</Filter>
    </ClCompile>
    <ClCompile Include="Manager.cpp">
      <Filter>Manager</Filter>
    </ClCompile>
    <ClCompile Include="ManagerState.cpp">
      <Filter>Manager</Filter>
    </ClCompile>
    <ClCompile Include="ArtistShopState.cpp">
      <Filter>Artist\States</Filter>
    </ClCompile>
    <ClCompile Include="ManagerVisitArtistState.cpp">
      <Filter>Manager\States</Filter>
    </ClCompile>
    <ClCompile Include="Fan.cpp">
      <Filter>Fan</Filter>
    </ClCompile>
    <ClCompile Include="Genetics.cpp">
      <Filter>Fan</Filter>
    </ClCompile>
  </ItemGroup>
  <ItemGroup>
    <ClInclude Include="Config.h">
      <Filter>Main</Filter>
    </ClInclude>
    <ClInclude Include="FWApplication.h">
      <Filter>Main</Filter>
    </ClInclude>
    <ClInclude Include="IGameObject.h">
      <Filter>Main</Filter>
    </ClInclude>
    <ClInclude Include="Vector.h">
      <Filter>Fan</Filter>
    </ClInclude>
    <ClInclude Include="Globals.h">
      <Filter>Main</Filter>
    </ClInclude>
    <ClInclude Include="Artist.h">
      <Filter>Artist</Filter>
    </ClInclude>
    <ClInclude Include="ArtistState.h">
      <Filter>Artist</Filter>
    </ClInclude>
    <ClInclude Include="Map.h">
      <Filter>Map</Filter>
    </ClInclude>
    <ClInclude Include="Tile.h">
      <Filter>Map</Filter>
    </ClInclude>
    <ClInclude Include="ArtistWaitState.h">
      <Filter>Artist\States</Filter>
    </ClInclude>
    <ClInclude Include="ArtistWanderState.h">
      <Filter>Artist\States</Filter>
    </ClInclude>
    <ClInclude Include="ManagerWanderState.h">
      <Filter>Manager\States</Filter>
    </ClInclude>
    <ClInclude Include="Manager.h">
      <Filter>Manager</Filter>
    </ClInclude>
    <ClInclude Include="ManagerState.h">
      <Filter>Manager</Filter>
    </ClInclude>
    <ClInclude Include="ArtistShopState.h">
      <Filter>Artist\States</Filter>
    </ClInclude>
    <ClInclude Include="ManagerVisitArtistState.h">
      <Filter>Manager\States</Filter>
    </ClInclude>
    <ClInclude Include="Fan.h">
      <Filter>Fan</Filter>
    </ClInclude>
    <ClInclude Include="Genetics.h">
      <Filter>Fan</Filter>
    </ClInclude>
  </ItemGroup>
  <ItemGroup>
    <None Include="SDL2.dll" />
  </ItemGroup>
  <ItemGroup>
    <Filter Include="Main">
      <UniqueIdentifier>{d370eed9-4e42-40b3-88a1-8cb41636d702}</UniqueIdentifier>
    </Filter>
    <Filter Include="Artist">
      <UniqueIdentifier>{aae1ef29-ae10-4872-97a9-d26a957c4db2}</UniqueIdentifier>
    </Filter>
    <Filter Include="Map">
      <UniqueIdentifier>{1060ea23-bb69-426e-8ac7-7fbd76aeb5a1}</UniqueIdentifier>
    </Filter>
    <Filter Include="Artist\States">
      <UniqueIdentifier>{19820e2d-e3e7-4e6d-8523-1910baaed686}</UniqueIdentifier>
    </Filter>
    <Filter Include="Manager">
      <UniqueIdentifier>{289d91a6-74b7-40ec-93b1-f3732f92a268}</UniqueIdentifier>
    </Filter>
    <Filter Include="Manager\States">
      <UniqueIdentifier>{f9dda8eb-f528-42aa-96b8-8803e9a5dad6}</UniqueIdentifier>
    </Filter>
    <Filter Include="Fan">
      <UniqueIdentifier>{15d45753-6848-4dbf-87dc-bfe090e4fe3c}</UniqueIdentifier>
    </Filter>
  </ItemGroup>
</Project>