<?xml version="1.0" encoding="utf-8"?>
<Project ToolsVersion="4.0" xmlns="http://schemas.microsoft.com/developer/msbuild/2003">
  <ItemGroup>
    <ClCompile Include="Bird.cpp">
      <Filter>Flocking</Filter>
    </ClCompile>
    <ClCompile Include="Vector.cpp">
      <Filter>Flocking</Filter>
    </ClCompile>
    <ClCompile Include="FWApplication.cpp">
      <Filter>Main</Filter>
    </ClCompile>
    <ClCompile Include="Main.cpp">
      <Filter>Main</Filter>
    </ClCompile>
    <ClCompile Include="Vertex.cpp">
      <Filter>Pathfinding</Filter>
    </ClCompile>
    <ClCompile Include="Graph.cpp">
      <Filter>Pathfinding</Filter>
    </ClCompile>
    <ClCompile Include="GraphObject.cpp">
      <Filter>Pathfinding</Filter>
    </ClCompile>
  </ItemGroup>
  <ItemGroup>
    <ClInclude Include="Bird.h">
      <Filter>Flocking</Filter>
    </ClInclude>
    <ClInclude Include="Config.h">
      <Filter>Main</Filter>
    </ClInclude>
    <ClInclude Include="FWApplication.h">
      <Filter>Main</Filter>
    </ClInclude>
    <ClInclude Include="IGameObject.h">
      <Filter>Main</Filter>
    </ClInclude>
    <ClInclude Include="Vector.h">
      <Filter>Flocking</Filter>
    </ClInclude>
    <ClInclude Include="Vertex.h">
      <Filter>Pathfinding</Filter>
    </ClInclude>
    <ClInclude Include="Graph.h">
      <Filter>Pathfinding</Filter>
    </ClInclude>
    <ClInclude Include="PathfindingGlobals.h">
      <Filter>Pathfinding</Filter>
    </ClInclude>
    <ClInclude Include="FlockingGlobals.h">
      <Filter>Flocking</Filter>
    </ClInclude>
    <ClInclude Include="GraphObject.h">
      <Filter>Pathfinding</Filter>
    </ClInclude>
  </ItemGroup>
  <ItemGroup>
    <None Include="SDL2.dll" />
  </ItemGroup>
  <ItemGroup>
    <Filter Include="Flocking">
      <UniqueIdentifier>{15d45753-6848-4dbf-87dc-bfe090e4fe3c}</UniqueIdentifier>
    </Filter>
    <Filter Include="Main">
      <UniqueIdentifier>{d370eed9-4e42-40b3-88a1-8cb41636d702}</UniqueIdentifier>
    </Filter>
    <Filter Include="Pathfinding">
      <UniqueIdentifier>{8310ac5c-a08c-4c81-855e-61265630d6df}</UniqueIdentifier>
    </Filter>
  </ItemGroup>
</Project>